
Microsoft Visual Studio Solution File, Format Version 12.00
# Visual Studio Version 16
VisualStudioVersion = 16.0.29613.14
MinimumVisualStudioVersion = 10.0.40219.1
Project("{FAE04EC0-301F-11D3-BF4B-00C04F79EFBC}") = "Singleton", "Singleton\Singleton.csproj", "{09EC24EE-994F-49B6-97D8-4B6839D8DD22}"
EndProject
Project("{FAE04EC0-301F-11D3-BF4B-00C04F79EFBC}") = "FactoryMethod", "FactoryMethod\FactoryMethod.csproj", "{001DF098-2DF8-43AB-A541-B56ADFC47338}"
EndProject
Project("{FAE04EC0-301F-11D3-BF4B-00C04F79EFBC}") = "AbstractFactory", "AbstractFactory\AbstractFactory.csproj", "{156108FF-533C-465A-9B61-261AF2253710}"
EndProject
Project("{FAE04EC0-301F-11D3-BF4B-00C04F79EFBC}") = "Prototype", "Prototype\Prototype.csproj", "{5617688E-30B6-4554-ADC8-77E449BA0732}"
EndProject
Global
	GlobalSection(SolutionConfigurationPlatforms) = preSolution
		Debug|Any CPU = Debug|Any CPU
		Release|Any CPU = Release|Any CPU
	EndGlobalSection
	GlobalSection(ProjectConfigurationPlatforms) = postSolution
		{09EC24EE-994F-49B6-97D8-4B6839D8DD22}.Debug|Any CPU.ActiveCfg = Debug|Any CPU
		{09EC24EE-994F-49B6-97D8-4B6839D8DD22}.Debug|Any CPU.Build.0 = Debug|Any CPU
		{09EC24EE-994F-49B6-97D8-4B6839D8DD22}.Release|Any CPU.ActiveCfg = Release|Any CPU
		{09EC24EE-994F-49B6-97D8-4B6839D8DD22}.Release|Any CPU.Build.0 = Release|Any CPU
		{001DF098-2DF8-43AB-A541-B56ADFC47338}.Debug|Any CPU.ActiveCfg = Debug|Any CPU
		{001DF098-2DF8-43AB-A541-B56ADFC47338}.Debug|Any CPU.Build.0 = Debug|Any CPU
		{001DF098-2DF8-43AB-A541-B56ADFC47338}.Release|Any CPU.ActiveCfg = Release|Any CPU
		{001DF098-2DF8-43AB-A541-B56ADFC47338}.Release|Any CPU.Build.0 = Release|Any CPU
		{156108FF-533C-465A-9B61-261AF2253710}.Debug|Any CPU.ActiveCfg = Debug|Any CPU
		{156108FF-533C-465A-9B61-261AF2253710}.Debug|Any CPU.Build.0 = Debug|Any CPU
		{156108FF-533C-465A-9B61-261AF2253710}.Release|Any CPU.ActiveCfg = Release|Any CPU
		{156108FF-533C-465A-9B61-261AF2253710}.Release|Any CPU.Build.0 = Release|Any CPU
		{5617688E-30B6-4554-ADC8-77E449BA0732}.Debug|Any CPU.ActiveCfg = Debug|Any CPU
		{5617688E-30B6-4554-ADC8-77E449BA0732}.Debug|Any CPU.Build.0 = Debug|Any CPU
		{5617688E-30B6-4554-ADC8-77E449BA0732}.Release|Any CPU.ActiveCfg = Release|Any CPU
		{5617688E-30B6-4554-ADC8-77E449BA0732}.Release|Any CPU.Build.0 = Release|Any CPU
	EndGlobalSection
	GlobalSection(SolutionProperties) = preSolution
		HideSolutionNode = FALSE
	EndGlobalSection
	GlobalSection(ExtensibilityGlobals) = postSolution
		SolutionGuid = {054D46FE-CD00-4303-B485-6D392B055FEE}
	EndGlobalSection
EndGlobal
