
Microsoft Visual Studio Solution File, Format Version 12.00
# Visual Studio Version 16
VisualStudioVersion = 16.0.29613.14
MinimumVisualStudioVersion = 10.0.40219.1
Project("{FAE04EC0-301F-11D3-BF4B-00C04F79EFBC}") = "DesignPatterns", "DesignPatterns\DesignPatterns.csproj", "{D0C5EFE9-9CD7-411C-AD9F-B18F950567BC}"
EndProject
Global
	GlobalSection(SolutionConfigurationPlatforms) = preSolution
		Debug|Any CPU = Debug|Any CPU
		Release|Any CPU = Release|Any CPU
	EndGlobalSection
	GlobalSection(ProjectConfigurationPlatforms) = postSolution
		{D0C5EFE9-9CD7-411C-AD9F-B18F950567BC}.Debug|Any CPU.ActiveCfg = Debug|Any CPU
		{D0C5EFE9-9CD7-411C-AD9F-B18F950567BC}.Debug|Any CPU.Build.0 = Debug|Any CPU
		{D0C5EFE9-9CD7-411C-AD9F-B18F950567BC}.Release|Any CPU.ActiveCfg = Release|Any CPU
		{D0C5EFE9-9CD7-411C-AD9F-B18F950567BC}.Release|Any CPU.Build.0 = Release|Any CPU
	EndGlobalSection
	GlobalSection(SolutionProperties) = preSolution
		HideSolutionNode = FALSE
	EndGlobalSection
	GlobalSection(ExtensibilityGlobals) = postSolution
		SolutionGuid = {054D46FE-CD00-4303-B485-6D392B055FEE}
	EndGlobalSection
EndGlobal
