
Microsoft Visual Studio Solution File, Format Version 12.00
# Visual Studio Version 16
VisualStudioVersion = 16.0.29613.14
MinimumVisualStudioVersion = 10.0.40219.1
Project("{FAE04EC0-301F-11D3-BF4B-00C04F79EFBC}") = "Singleton", "Singleton\Singleton.csproj", "{09EC24EE-994F-49B6-97D8-4B6839D8DD22}"
EndProject
Project("{FAE04EC0-301F-11D3-BF4B-00C04F79EFBC}") = "FactoryMethod", "FactoryMethod\FactoryMethod.csproj", "{001DF098-2DF8-43AB-A541-B56ADFC47338}"
EndProject
Project("{FAE04EC0-301F-11D3-BF4B-00C04F79EFBC}") = "AbstractFactory", "AbstractFactory\AbstractFactory.csproj", "{156108FF-533C-465A-9B61-261AF2253710}"
EndProject
Project("{FAE04EC0-301F-11D3-BF4B-00C04F79EFBC}") = "Prototype", "Prototype\Prototype.csproj", "{5617688E-30B6-4554-ADC8-77E449BA0732}"
EndProject
Project("{FAE04EC0-301F-11D3-BF4B-00C04F79EFBC}") = "Builder", "Builder\Builder.csproj", "{E9B5B3F1-5D97-483B-BCF5-DF0CB705FEB5}"
EndProject
Project("{FAE04EC0-301F-11D3-BF4B-00C04F79EFBC}") = "Facade", "Facade\Facade.csproj", "{44B9B005-522D-42CE-95C6-04907C85BE25}"
EndProject
Project("{FAE04EC0-301F-11D3-BF4B-00C04F79EFBC}") = "Adapter", "Adapter\Adapter.csproj", "{D2701642-125C-49CD-B2B6-2F23D813DFE0}"
EndProject
Project("{FAE04EC0-301F-11D3-BF4B-00C04F79EFBC}") = "Composite", "Composite\Composite.csproj", "{5CF678FE-6F76-4759-B2FB-302B51B6DCAB}"
EndProject
Project("{FAE04EC0-301F-11D3-BF4B-00C04F79EFBC}") = "Proxy", "Proxy\Proxy.csproj", "{436F769E-04C5-458A-BB94-43F2C46EE81D}"
EndProject
Project("{FAE04EC0-301F-11D3-BF4B-00C04F79EFBC}") = "Decorator", "Decorator\Decorator.csproj", "{AE87E240-667A-4705-9D56-FBA8437E8DBD}"
EndProject
Project("{FAE04EC0-301F-11D3-BF4B-00C04F79EFBC}") = "Bridge", "Bridge\Bridge.csproj", "{66AF1A3E-1B6D-4054-AB23-834AACDB5C7A}"
EndProject
Project("{FAE04EC0-301F-11D3-BF4B-00C04F79EFBC}") = "Strategy", "Strategy\Strategy.csproj", "{07FB2894-72C8-4C48-BBA1-64E758F9DED3}"
EndProject
Project("{FAE04EC0-301F-11D3-BF4B-00C04F79EFBC}") = "Observer", "Observer\Observer.csproj", "{277B5D33-4757-42F5-BA01-3A56F36ACFDC}"
EndProject
Project("{FAE04EC0-301F-11D3-BF4B-00C04F79EFBC}") = "ChainOfResponsibility", "ChainOfResponsibility\ChainOfResponsibility.csproj", "{3BC6B00B-4C61-4F16-B270-5F4A03964313}"
EndProject
Project("{FAE04EC0-301F-11D3-BF4B-00C04F79EFBC}") = "Momento", "Momento\Momento.csproj", "{29061ACC-1364-4292-B165-8EEAE1AF08AE}"
EndProject
Project("{FAE04EC0-301F-11D3-BF4B-00C04F79EFBC}") = "Template", "Template\Template.csproj", "{D0FD2366-A87B-48BB-A38F-465F9C6121AF}"
EndProject
Project("{FAE04EC0-301F-11D3-BF4B-00C04F79EFBC}") = "State", "State\State.csproj", "{B7F43631-49B2-4CBD-805E-BBCD73933E9C}"
EndProject
Project("{FAE04EC0-301F-11D3-BF4B-00C04F79EFBC}") = "Mediator", "Mediator\Mediator.csproj", "{A78B669C-E7BB-4F85-9BE9-B22F3C0FE63D}"
EndProject
Project("{FAE04EC0-301F-11D3-BF4B-00C04F79EFBC}") = "Command", "Command\Command.csproj", "{099DFD04-127F-4DCE-BFAD-D747D62A4DAC}"
EndProject
Project("{FAE04EC0-301F-11D3-BF4B-00C04F79EFBC}") = "Visitor", "Visitor\Visitor.csproj", "{4C06345B-E5C3-476E-AF1E-1555A43CE085}"
EndProject
Project("{FAE04EC0-301F-11D3-BF4B-00C04F79EFBC}") = "DependencyInjection", "DependencyInjection\DependencyInjection.csproj", "{6159420B-A589-4A61-A3BF-90016EFEA755}"
EndProject
Global
	GlobalSection(SolutionConfigurationPlatforms) = preSolution
		Debug|Any CPU = Debug|Any CPU
		Release|Any CPU = Release|Any CPU
	EndGlobalSection
	GlobalSection(ProjectConfigurationPlatforms) = postSolution
		{09EC24EE-994F-49B6-97D8-4B6839D8DD22}.Debug|Any CPU.ActiveCfg = Debug|Any CPU
		{09EC24EE-994F-49B6-97D8-4B6839D8DD22}.Debug|Any CPU.Build.0 = Debug|Any CPU
		{09EC24EE-994F-49B6-97D8-4B6839D8DD22}.Release|Any CPU.ActiveCfg = Release|Any CPU
		{09EC24EE-994F-49B6-97D8-4B6839D8DD22}.Release|Any CPU.Build.0 = Release|Any CPU
		{001DF098-2DF8-43AB-A541-B56ADFC47338}.Debug|Any CPU.ActiveCfg = Debug|Any CPU
		{001DF098-2DF8-43AB-A541-B56ADFC47338}.Debug|Any CPU.Build.0 = Debug|Any CPU
		{001DF098-2DF8-43AB-A541-B56ADFC47338}.Release|Any CPU.ActiveCfg = Release|Any CPU
		{001DF098-2DF8-43AB-A541-B56ADFC47338}.Release|Any CPU.Build.0 = Release|Any CPU
		{156108FF-533C-465A-9B61-261AF2253710}.Debug|Any CPU.ActiveCfg = Debug|Any CPU
		{156108FF-533C-465A-9B61-261AF2253710}.Debug|Any CPU.Build.0 = Debug|Any CPU
		{156108FF-533C-465A-9B61-261AF2253710}.Release|Any CPU.ActiveCfg = Release|Any CPU
		{156108FF-533C-465A-9B61-261AF2253710}.Release|Any CPU.Build.0 = Release|Any CPU
		{5617688E-30B6-4554-ADC8-77E449BA0732}.Debug|Any CPU.ActiveCfg = Debug|Any CPU
		{5617688E-30B6-4554-ADC8-77E449BA0732}.Debug|Any CPU.Build.0 = Debug|Any CPU
		{5617688E-30B6-4554-ADC8-77E449BA0732}.Release|Any CPU.ActiveCfg = Release|Any CPU
		{5617688E-30B6-4554-ADC8-77E449BA0732}.Release|Any CPU.Build.0 = Release|Any CPU
		{E9B5B3F1-5D97-483B-BCF5-DF0CB705FEB5}.Debug|Any CPU.ActiveCfg = Debug|Any CPU
		{E9B5B3F1-5D97-483B-BCF5-DF0CB705FEB5}.Debug|Any CPU.Build.0 = Debug|Any CPU
		{E9B5B3F1-5D97-483B-BCF5-DF0CB705FEB5}.Release|Any CPU.ActiveCfg = Release|Any CPU
		{E9B5B3F1-5D97-483B-BCF5-DF0CB705FEB5}.Release|Any CPU.Build.0 = Release|Any CPU
		{44B9B005-522D-42CE-95C6-04907C85BE25}.Debug|Any CPU.ActiveCfg = Debug|Any CPU
		{44B9B005-522D-42CE-95C6-04907C85BE25}.Debug|Any CPU.Build.0 = Debug|Any CPU
		{44B9B005-522D-42CE-95C6-04907C85BE25}.Release|Any CPU.ActiveCfg = Release|Any CPU
		{44B9B005-522D-42CE-95C6-04907C85BE25}.Release|Any CPU.Build.0 = Release|Any CPU
		{D2701642-125C-49CD-B2B6-2F23D813DFE0}.Debug|Any CPU.ActiveCfg = Debug|Any CPU
		{D2701642-125C-49CD-B2B6-2F23D813DFE0}.Debug|Any CPU.Build.0 = Debug|Any CPU
		{D2701642-125C-49CD-B2B6-2F23D813DFE0}.Release|Any CPU.ActiveCfg = Release|Any CPU
		{D2701642-125C-49CD-B2B6-2F23D813DFE0}.Release|Any CPU.Build.0 = Release|Any CPU
		{5CF678FE-6F76-4759-B2FB-302B51B6DCAB}.Debug|Any CPU.ActiveCfg = Debug|Any CPU
		{5CF678FE-6F76-4759-B2FB-302B51B6DCAB}.Debug|Any CPU.Build.0 = Debug|Any CPU
		{5CF678FE-6F76-4759-B2FB-302B51B6DCAB}.Release|Any CPU.ActiveCfg = Release|Any CPU
		{5CF678FE-6F76-4759-B2FB-302B51B6DCAB}.Release|Any CPU.Build.0 = Release|Any CPU
		{436F769E-04C5-458A-BB94-43F2C46EE81D}.Debug|Any CPU.ActiveCfg = Debug|Any CPU
		{436F769E-04C5-458A-BB94-43F2C46EE81D}.Debug|Any CPU.Build.0 = Debug|Any CPU
		{436F769E-04C5-458A-BB94-43F2C46EE81D}.Release|Any CPU.ActiveCfg = Release|Any CPU
		{436F769E-04C5-458A-BB94-43F2C46EE81D}.Release|Any CPU.Build.0 = Release|Any CPU
		{AE87E240-667A-4705-9D56-FBA8437E8DBD}.Debug|Any CPU.ActiveCfg = Debug|Any CPU
		{AE87E240-667A-4705-9D56-FBA8437E8DBD}.Debug|Any CPU.Build.0 = Debug|Any CPU
		{AE87E240-667A-4705-9D56-FBA8437E8DBD}.Release|Any CPU.ActiveCfg = Release|Any CPU
		{AE87E240-667A-4705-9D56-FBA8437E8DBD}.Release|Any CPU.Build.0 = Release|Any CPU
		{66AF1A3E-1B6D-4054-AB23-834AACDB5C7A}.Debug|Any CPU.ActiveCfg = Debug|Any CPU
		{66AF1A3E-1B6D-4054-AB23-834AACDB5C7A}.Debug|Any CPU.Build.0 = Debug|Any CPU
		{66AF1A3E-1B6D-4054-AB23-834AACDB5C7A}.Release|Any CPU.ActiveCfg = Release|Any CPU
		{66AF1A3E-1B6D-4054-AB23-834AACDB5C7A}.Release|Any CPU.Build.0 = Release|Any CPU
		{07FB2894-72C8-4C48-BBA1-64E758F9DED3}.Debug|Any CPU.ActiveCfg = Debug|Any CPU
		{07FB2894-72C8-4C48-BBA1-64E758F9DED3}.Debug|Any CPU.Build.0 = Debug|Any CPU
		{07FB2894-72C8-4C48-BBA1-64E758F9DED3}.Release|Any CPU.ActiveCfg = Release|Any CPU
		{07FB2894-72C8-4C48-BBA1-64E758F9DED3}.Release|Any CPU.Build.0 = Release|Any CPU
		{277B5D33-4757-42F5-BA01-3A56F36ACFDC}.Debug|Any CPU.ActiveCfg = Debug|Any CPU
		{277B5D33-4757-42F5-BA01-3A56F36ACFDC}.Debug|Any CPU.Build.0 = Debug|Any CPU
		{277B5D33-4757-42F5-BA01-3A56F36ACFDC}.Release|Any CPU.ActiveCfg = Release|Any CPU
		{277B5D33-4757-42F5-BA01-3A56F36ACFDC}.Release|Any CPU.Build.0 = Release|Any CPU
		{3BC6B00B-4C61-4F16-B270-5F4A03964313}.Debug|Any CPU.ActiveCfg = Debug|Any CPU
		{3BC6B00B-4C61-4F16-B270-5F4A03964313}.Debug|Any CPU.Build.0 = Debug|Any CPU
		{3BC6B00B-4C61-4F16-B270-5F4A03964313}.Release|Any CPU.ActiveCfg = Release|Any CPU
		{3BC6B00B-4C61-4F16-B270-5F4A03964313}.Release|Any CPU.Build.0 = Release|Any CPU
		{29061ACC-1364-4292-B165-8EEAE1AF08AE}.Debug|Any CPU.ActiveCfg = Debug|Any CPU
		{29061ACC-1364-4292-B165-8EEAE1AF08AE}.Debug|Any CPU.Build.0 = Debug|Any CPU
		{29061ACC-1364-4292-B165-8EEAE1AF08AE}.Release|Any CPU.ActiveCfg = Release|Any CPU
		{29061ACC-1364-4292-B165-8EEAE1AF08AE}.Release|Any CPU.Build.0 = Release|Any CPU
		{D0FD2366-A87B-48BB-A38F-465F9C6121AF}.Debug|Any CPU.ActiveCfg = Debug|Any CPU
		{D0FD2366-A87B-48BB-A38F-465F9C6121AF}.Debug|Any CPU.Build.0 = Debug|Any CPU
		{D0FD2366-A87B-48BB-A38F-465F9C6121AF}.Release|Any CPU.ActiveCfg = Release|Any CPU
		{D0FD2366-A87B-48BB-A38F-465F9C6121AF}.Release|Any CPU.Build.0 = Release|Any CPU
		{B7F43631-49B2-4CBD-805E-BBCD73933E9C}.Debug|Any CPU.ActiveCfg = Debug|Any CPU
		{B7F43631-49B2-4CBD-805E-BBCD73933E9C}.Debug|Any CPU.Build.0 = Debug|Any CPU
		{B7F43631-49B2-4CBD-805E-BBCD73933E9C}.Release|Any CPU.ActiveCfg = Release|Any CPU
		{B7F43631-49B2-4CBD-805E-BBCD73933E9C}.Release|Any CPU.Build.0 = Release|Any CPU
		{A78B669C-E7BB-4F85-9BE9-B22F3C0FE63D}.Debug|Any CPU.ActiveCfg = Debug|Any CPU
		{A78B669C-E7BB-4F85-9BE9-B22F3C0FE63D}.Debug|Any CPU.Build.0 = Debug|Any CPU
		{A78B669C-E7BB-4F85-9BE9-B22F3C0FE63D}.Release|Any CPU.ActiveCfg = Release|Any CPU
		{A78B669C-E7BB-4F85-9BE9-B22F3C0FE63D}.Release|Any CPU.Build.0 = Release|Any CPU
		{099DFD04-127F-4DCE-BFAD-D747D62A4DAC}.Debug|Any CPU.ActiveCfg = Debug|Any CPU
		{099DFD04-127F-4DCE-BFAD-D747D62A4DAC}.Debug|Any CPU.Build.0 = Debug|Any CPU
		{099DFD04-127F-4DCE-BFAD-D747D62A4DAC}.Release|Any CPU.ActiveCfg = Release|Any CPU
		{099DFD04-127F-4DCE-BFAD-D747D62A4DAC}.Release|Any CPU.Build.0 = Release|Any CPU
		{4C06345B-E5C3-476E-AF1E-1555A43CE085}.Debug|Any CPU.ActiveCfg = Debug|Any CPU
		{4C06345B-E5C3-476E-AF1E-1555A43CE085}.Debug|Any CPU.Build.0 = Debug|Any CPU
		{4C06345B-E5C3-476E-AF1E-1555A43CE085}.Release|Any CPU.ActiveCfg = Release|Any CPU
		{4C06345B-E5C3-476E-AF1E-1555A43CE085}.Release|Any CPU.Build.0 = Release|Any CPU
		{6159420B-A589-4A61-A3BF-90016EFEA755}.Debug|Any CPU.ActiveCfg = Debug|Any CPU
		{6159420B-A589-4A61-A3BF-90016EFEA755}.Debug|Any CPU.Build.0 = Debug|Any CPU
		{6159420B-A589-4A61-A3BF-90016EFEA755}.Release|Any CPU.ActiveCfg = Release|Any CPU
		{6159420B-A589-4A61-A3BF-90016EFEA755}.Release|Any CPU.Build.0 = Release|Any CPU
	EndGlobalSection
	GlobalSection(SolutionProperties) = preSolution
		HideSolutionNode = FALSE
	EndGlobalSection
	GlobalSection(ExtensibilityGlobals) = postSolution
		SolutionGuid = {054D46FE-CD00-4303-B485-6D392B055FEE}
	EndGlobalSection
EndGlobal
